<?xml version="1.0" encoding="utf-8"?>
<Project ToolsVersion="4.0" xmlns="http://schemas.microsoft.com/developer/msbuild/2003">
  <ItemGroup>
    <Filter Include="StringUtility">
      <UniqueIdentifier>{d970d331-81ab-4b34-ac5c-1381d7750da4}</UniqueIdentifier>
    </Filter>
    <Filter Include="Core">
      <UniqueIdentifier>{21d98c77-7ef4-47ec-95b6-5cdc79bcb5b7}</UniqueIdentifier>
    </Filter>
    <Filter Include="StringCodec">
      <UniqueIdentifier>{9d104e97-4684-471d-87dc-e4baddee8b2d}</UniqueIdentifier>
    </Filter>
  </ItemGroup>
  <ItemGroup>
    <ClCompile Include="Arabic.cpp">
      <Filter>StringUtility</Filter>
    </ClCompile>
    <ClCompile Include="Japanese.cpp">
      <Filter>StringUtility</Filter>
    </ClCompile>
    <ClCompile Include="StdAfx.cpp">
      <Filter>Core</Filter>
    </ClCompile>
    <ClCompile Include="StringCodec.cpp">
      <Filter>StringCodec</Filter>
    </ClCompile>
    <ClCompile Include="StringCodec_Vietnamese.cpp">
      <Filter>StringCodec</Filter>
    </ClCompile>
  </ItemGroup>
  <ItemGroup>
    <ClInclude Include="Arabic.h">
      <Filter>StringUtility</Filter>
    </ClInclude>
    <ClInclude Include="Japanese.h">
      <Filter>StringUtility</Filter>
    </ClInclude>
    <ClInclude Include="CodePageId.h">
      <Filter>Core</Filter>
    </ClInclude>
    <ClInclude Include="StdAfx.h">
      <Filter>Core</Filter>
    </ClInclude>
    <ClInclude Include="StringCodec.h">
      <Filter>StringCodec</Filter>
    </ClInclude>
    <ClInclude Include="StringCodec_Vietnamese.h">
      <Filter>StringCodec</Filter>
    </ClInclude>
  </ItemGroup>
</Project>